// !$*UTF8*$!
{
	archiveVersion = 1;
	classes = {
	};
	objectVersion = 48;
	objects = {

/* Begin PBXBuildFile section */
		EC60715D211B54DE00F69994 /* AppDelegate.swift in Sources */ = {isa = PBXBuildFile; fileRef = EC60715C211B54DE00F69994 /* AppDelegate.swift */; };
		EC60715F211B54DE00F69994 /* ViewController.swift in Sources */ = {isa = PBXBuildFile; fileRef = EC60715E211B54DE00F69994 /* ViewController.swift */; };
		EC607162211B54DE00F69994 /* Main.storyboard in Resources */ = {isa = PBXBuildFile; fileRef = EC607160211B54DE00F69994 /* Main.storyboard */; };
		EC607164211B54DE00F69994 /* Assets.xcassets in Resources */ = {isa = PBXBuildFile; fileRef = EC607163211B54DE00F69994 /* Assets.xcassets */; };
		EC607167211B54DE00F69994 /* LaunchScreen.storyboard in Resources */ = {isa = PBXBuildFile; fileRef = EC607165211B54DE00F69994 /* LaunchScreen.storyboard */; };
		EC607172211B54DF00F69994 /* TipCalculatorTests.swift in Sources */ = {isa = PBXBuildFile; fileRef = EC607171211B54DF00F69994 /* TipCalculatorTests.swift */; };
		EC60717D211B54DF00F69994 /* TipCalculatorUITests.swift in Sources */ = {isa = PBXBuildFile; fileRef = EC60717C211B54DF00F69994 /* TipCalculatorUITests.swift */; };
		EC60718B211B71A200F69994 /* SettingViewControl.swift in Sources */ = {isa = PBXBuildFile; fileRef = EC60718A211B71A200F69994 /* SettingViewControl.swift */; };
/* End PBXBuildFile section */

/* Begin PBXContainerItemProxy section */
		EC60716E211B54DF00F69994 /* PBXContainerItemProxy */ = {
			isa = PBXContainerItemProxy;
			containerPortal = EC607151211B54DE00F69994 /* Project object */;
			proxyType = 1;
			remoteGlobalIDString = EC607158211B54DE00F69994;
			remoteInfo = TipCalculator;
		};
		EC607179211B54DF00F69994 /* PBXContainerItemProxy */ = {
			isa = PBXContainerItemProxy;
			containerPortal = EC607151211B54DE00F69994 /* Project object */;
			proxyType = 1;
			remoteGlobalIDString = EC607158211B54DE00F69994;
			remoteInfo = TipCalculator;
		};
/* End PBXContainerItemProxy section */

/* Begin PBXFileReference section */
		EC607159211B54DE00F69994 /* TipCalculator.app */ = {isa = PBXFileReference; explicitFileType = wrapper.application; includeInIndex = 0; path = TipCalculator.app; sourceTree = BUILT_PRODUCTS_DIR; };
		EC60715C211B54DE00F69994 /* AppDelegate.swift */ = {isa = PBXFileReference; lastKnownFileType = sourcecode.swift; path = AppDelegate.swift; sourceTree = "<group>"; };
		EC60715E211B54DE00F69994 /* ViewController.swift */ = {isa = PBXFileReference; lastKnownFileType = sourcecode.swift; path = ViewController.swift; sourceTree = "<group>"; };
		EC607161211B54DE00F69994 /* Base */ = {isa = PBXFileReference; lastKnownFileType = file.storyboard; name = Base; path = Base.lproj/Main.storyboard; sourceTree = "<group>"; };
		EC607163211B54DE00F69994 /* Assets.xcassets */ = {isa = PBXFileReference; lastKnownFileType = folder.assetcatalog; path = Assets.xcassets; sourceTree = "<group>"; };
		EC607166211B54DE00F69994 /* Base */ = {isa = PBXFileReference; lastKnownFileType = file.storyboard; name = Base; path = Base.lproj/LaunchScreen.storyboard; sourceTree = "<group>"; };
		EC607168211B54DE00F69994 /* Info.plist */ = {isa = PBXFileReference; lastKnownFileType = text.plist.xml; path = Info.plist; sourceTree = "<group>"; };
		EC60716D211B54DF00F69994 /* TipCalculatorTests.xctest */ = {isa = PBXFileReference; explicitFileType = wrapper.cfbundle; includeInIndex = 0; path = TipCalculatorTests.xctest; sourceTree = BUILT_PRODUCTS_DIR; };
		EC607171211B54DF00F69994 /* TipCalculatorTests.swift */ = {isa = PBXFileReference; lastKnownFileType = sourcecode.swift; path = TipCalculatorTests.swift; sourceTree = "<group>"; };
		EC607173211B54DF00F69994 /* Info.plist */ = {isa = PBXFileReference; lastKnownFileType = text.plist.xml; path = Info.plist; sourceTree = "<group>"; };
		EC607178211B54DF00F69994 /* TipCalculatorUITests.xctest */ = {isa = PBXFileReference; explicitFileType = wrapper.cfbundle; includeInIndex = 0; path = TipCalculatorUITests.xctest; sourceTree = BUILT_PRODUCTS_DIR; };
		EC60717C211B54DF00F69994 /* TipCalculatorUITests.swift */ = {isa = PBXFileReference; lastKnownFileType = sourcecode.swift; path = TipCalculatorUITests.swift; sourceTree = "<group>"; };
		EC60717E211B54DF00F69994 /* Info.plist */ = {isa = PBXFileReference; lastKnownFileType = text.plist.xml; path = Info.plist; sourceTree = "<group>"; };
		EC60718A211B71A200F69994 /* SettingViewControl.swift */ = {isa = PBXFileReference; lastKnownFileType = sourcecode.swift; path = SettingViewControl.swift; sourceTree = "<group>"; };
/* End PBXFileReference section */

/* Begin PBXFrameworksBuildPhase section */
		EC607156211B54DE00F69994 /* Frameworks */ = {
			isa = PBXFrameworksBuildPhase;
			buildActionMask = 2147483647;
			files = (
			);
			runOnlyForDeploymentPostprocessing = 0;
		};
		EC60716A211B54DF00F69994 /* Frameworks */ = {
			isa = PBXFrameworksBuildPhase;
			buildActionMask = 2147483647;
			files = (
			);
			runOnlyForDeploymentPostprocessing = 0;
		};
		EC607175211B54DF00F69994 /* Frameworks */ = {
			isa = PBXFrameworksBuildPhase;
			buildActionMask = 2147483647;
			files = (
			);
			runOnlyForDeploymentPostprocessing = 0;
		};
/* End PBXFrameworksBuildPhase section */

/* Begin PBXGroup section */
		EC607150211B54DE00F69994 = {
			isa = PBXGroup;
			children = (
				EC60715B211B54DE00F69994 /* TipCalculator */,
				EC607170211B54DF00F69994 /* TipCalculatorTests */,
				EC60717B211B54DF00F69994 /* TipCalculatorUITests */,
				EC60715A211B54DE00F69994 /* Products */,
			);
			sourceTree = "<group>";
		};
		EC60715A211B54DE00F69994 /* Products */ = {
			isa = PBXGroup;
			children = (
				EC607159211B54DE00F69994 /* TipCalculator.app */,
				EC60716D211B54DF00F69994 /* TipCalculatorTests.xctest */,
				EC607178211B54DF00F69994 /* TipCalculatorUITests.xctest */,
			);
			name = Products;
			sourceTree = "<group>";
		};
		EC60715B211B54DE00F69994 /* TipCalculator */ = {
			isa = PBXGroup;
			children = (
				EC60715C211B54DE00F69994 /* AppDelegate.swift */,
				EC60715E211B54DE00F69994 /* ViewController.swift */,
				EC607160211B54DE00F69994 /* Main.storyboard */,
				EC60718A211B71A200F69994 /* SettingViewControl.swift */,
				EC607163211B54DE00F69994 /* Assets.xcassets */,
				EC607165211B54DE00F69994 /* LaunchScreen.storyboard */,
				EC607168211B54DE00F69994 /* Info.plist */,
			);
			path = TipCalculator;
			sourceTree = "<group>";
		};
		EC607170211B54DF00F69994 /* TipCalculatorTests */ = {
			isa = PBXGroup;
			children = (
				EC607171211B54DF00F69994 /* TipCalculatorTests.swift */,
				EC607173211B54DF00F69994 /* Info.plist */,
			);
			path = TipCalculatorTests;
			sourceTree = "<group>";
		};
		EC60717B211B54DF00F69994 /* TipCalculatorUITests */ = {
			isa = PBXGroup;
			children = (
				EC60717C211B54DF00F69994 /* TipCalculatorUITests.swift */,
				EC60717E211B54DF00F69994 /* Info.plist */,
			);
			path = TipCalculatorUITests;
			sourceTree = "<group>";
		};
/* End PBXGroup section */

/* Begin PBXNativeTarget section */
		EC607158211B54DE00F69994 /* TipCalculator */ = {
			isa = PBXNativeTarget;
			buildConfigurationList = EC607181211B54DF00F69994 /* Build configuration list for PBXNativeTarget "TipCalculator" */;
			buildPhases = (
				EC607155211B54DE00F69994 /* Sources */,
				EC607156211B54DE00F69994 /* Frameworks */,
				EC607157211B54DE00F69994 /* Resources */,
			);
			buildRules = (
			);
			dependencies = (
			);
			name = TipCalculator;
			productName = TipCalculator;
			productReference = EC607159211B54DE00F69994 /* TipCalculator.app */;
			productType = "com.apple.product-type.application";
		};
		EC60716C211B54DF00F69994 /* TipCalculatorTests */ = {
			isa = PBXNativeTarget;
			buildConfigurationList = EC607184211B54DF00F69994 /* Build configuration list for PBXNativeTarget "TipCalculatorTests" */;
			buildPhases = (
				EC607169211B54DF00F69994 /* Sources */,
				EC60716A211B54DF00F69994 /* Frameworks */,
				EC60716B211B54DF00F69994 /* Resources */,
			);
			buildRules = (
			);
			dependencies = (
				EC60716F211B54DF00F69994 /* PBXTargetDependency */,
			);
			name = TipCalculatorTests;
			productName = TipCalculatorTests;
			productReference = EC60716D211B54DF00F69994 /* TipCalculatorTests.xctest */;
			productType = "com.apple.product-type.bundle.unit-test";
		};
		EC607177211B54DF00F69994 /* TipCalculatorUITests */ = {
			isa = PBXNativeTarget;
			buildConfigurationList = EC607187211B54DF00F69994 /* Build configuration list for PBXNativeTarget "TipCalculatorUITests" */;
			buildPhases = (
				EC607174211B54DF00F69994 /* Sources */,
				EC607175211B54DF00F69994 /* Frameworks */,
				EC607176211B54DF00F69994 /* Resources */,
			);
			buildRules = (
			);
			dependencies = (
				EC60717A211B54DF00F69994 /* PBXTargetDependency */,
			);
			name = TipCalculatorUITests;
			productName = TipCalculatorUITests;
			productReference = EC607178211B54DF00F69994 /* TipCalculatorUITests.xctest */;
			productType = "com.apple.product-type.bundle.ui-testing";
		};
/* End PBXNativeTarget section */

/* Begin PBXProject section */
		EC607151211B54DE00F69994 /* Project object */ = {
			isa = PBXProject;
			attributes = {
				LastSwiftUpdateCheck = 0920;
				LastUpgradeCheck = 0920;
				ORGANIZATIONNAME = "Yu Ting Yang";
				TargetAttributes = {
					EC607158211B54DE00F69994 = {
						CreatedOnToolsVersion = 9.2;
						ProvisioningStyle = Automatic;
					};
					EC60716C211B54DF00F69994 = {
						CreatedOnToolsVersion = 9.2;
						ProvisioningStyle = Automatic;
						TestTargetID = EC607158211B54DE00F69994;
					};
					EC607177211B54DF00F69994 = {
						CreatedOnToolsVersion = 9.2;
						ProvisioningStyle = Automatic;
						TestTargetID = EC607158211B54DE00F69994;
					};
				};
			};
			buildConfigurationList = EC607154211B54DE00F69994 /* Build configuration list for PBXProject "TipCalculator" */;
			compatibilityVersion = "Xcode 8.0";
			developmentRegion = en;
			hasScannedForEncodings = 0;
			knownRegions = (
				en,
				Base,
			);
			mainGroup = EC607150211B54DE00F69994;
			productRefGroup = EC60715A211B54DE00F69994 /* Products */;
			projectDirPath = "";
			projectRoot = "";
			targets = (
				EC607158211B54DE00F69994 /* TipCalculator */,
				EC60716C211B54DF00F69994 /* TipCalculatorTests */,
				EC607177211B54DF00F69994 /* TipCalculatorUITests */,
			);
		};
/* End PBXProject section */

/* Begin PBXResourcesBuildPhase section */
		EC607157211B54DE00F69994 /* Resources */ = {
			isa = PBXResourcesBuildPhase;
			buildActionMask = 2147483647;
			files = (
				EC607167211B54DE00F69994 /* LaunchScreen.storyboard in Resources */,
				EC607164211B54DE00F69994 /* Assets.xcassets in Resources */,
				EC607162211B54DE00F69994 /* Main.storyboard in Resources */,
			);
			runOnlyForDeploymentPostprocessing = 0;
		};
		EC60716B211B54DF00F69994 /* Resources */ = {
			isa = PBXResourcesBuildPhase;
			buildActionMask = 2147483647;
			files = (
			);
			runOnlyForDeploymentPostprocessing = 0;
		};
		EC607176211B54DF00F69994 /* Resources */ = {
			isa = PBXResourcesBuildPhase;
			buildActionMask = 2147483647;
			files = (
			);
			runOnlyForDeploymentPostprocessing = 0;
		};
/* End PBXResourcesBuildPhase section */

/* Begin PBXSourcesBuildPhase section */
		EC607155211B54DE00F69994 /* Sources */ = {
			isa = PBXSourcesBuildPhase;
			buildActionMask = 2147483647;
			files = (
				EC60718B211B71A200F69994 /* SettingViewControl.swift in Sources */,
				EC60715F211B54DE00F69994 /* ViewController.swift in Sources */,
				EC60715D211B54DE00F69994 /* AppDelegate.swift in Sources */,
			);
			runOnlyForDeploymentPostprocessing = 0;
		};
		EC607169211B54DF00F69994 /* Sources */ = {
			isa = PBXSourcesBuildPhase;
			buildActionMask = 2147483647;
			files = (
				EC607172211B54DF00F69994 /* TipCalculatorTests.swift in Sources */,
			);
			runOnlyForDeploymentPostprocessing = 0;
		};
		EC607174211B54DF00F69994 /* Sources */ = {
			isa = PBXSourcesBuildPhase;
			buildActionMask = 2147483647;
			files = (
				EC60717D211B54DF00F69994 /* TipCalculatorUITests.swift in Sources */,
			);
			runOnlyForDeploymentPostprocessing = 0;
		};
/* End PBXSourcesBuildPhase section */

/* Begin PBXTargetDependency section */
		EC60716F211B54DF00F69994 /* PBXTargetDependency */ = {
			isa = PBXTargetDependency;
			target = EC607158211B54DE00F69994 /* TipCalculator */;
			targetProxy = EC60716E211B54DF00F69994 /* PBXContainerItemProxy */;
		};
		EC60717A211B54DF00F69994 /* PBXTargetDependency */ = {
			isa = PBXTargetDependency;
			target = EC607158211B54DE00F69994 /* TipCalculator */;
			targetProxy = EC607179211B54DF00F69994 /* PBXContainerItemProxy */;
		};
/* End PBXTargetDependency section */

/* Begin PBXVariantGroup section */
		EC607160211B54DE00F69994 /* Main.storyboard */ = {
			isa = PBXVariantGroup;
			children = (
				EC607161211B54DE00F69994 /* Base */,
			);
			name = Main.storyboard;
			sourceTree = "<group>";
		};
		EC607165211B54DE00F69994 /* LaunchScreen.storyboard */ = {
			isa = PBXVariantGroup;
			children = (
				EC607166211B54DE00F69994 /* Base */,
			);
			name = LaunchScreen.storyboard;
			sourceTree = "<group>";
		};
/* End PBXVariantGroup section */

/* Begin XCBuildConfiguration section */
		EC60717F211B54DF00F69994 /* Debug */ = {
			isa = XCBuildConfiguration;
			buildSettings = {
				ALWAYS_SEARCH_USER_PATHS = NO;
				CLANG_ANALYZER_NONNULL = YES;
				CLANG_ANALYZER_NUMBER_OBJECT_CONVERSION = YES_AGGRESSIVE;
				CLANG_CXX_LANGUAGE_STANDARD = "gnu++14";
				CLANG_CXX_LIBRARY = "libc++";
				CLANG_ENABLE_MODULES = YES;
				CLANG_ENABLE_OBJC_ARC = YES;
				CLANG_WARN_BLOCK_CAPTURE_AUTORELEASING = YES;
				CLANG_WARN_BOOL_CONVERSION = YES;
				CLANG_WARN_COMMA = YES;
				CLANG_WARN_CONSTANT_CONVERSION = YES;
				CLANG_WARN_DIRECT_OBJC_ISA_USAGE = YES_ERROR;
				CLANG_WARN_DOCUMENTATION_COMMENTS = YES;
				CLANG_WARN_EMPTY_BODY = YES;
				CLANG_WARN_ENUM_CONVERSION = YES;
				CLANG_WARN_INFINITE_RECURSION = YES;
				CLANG_WARN_INT_CONVERSION = YES;
				CLANG_WARN_NON_LITERAL_NULL_CONVERSION = YES;
				CLANG_WARN_OBJC_LITERAL_CONVERSION = YES;
				CLANG_WARN_OBJC_ROOT_CLASS = YES_ERROR;
				CLANG_WARN_RANGE_LOOP_ANALYSIS = YES;
				CLANG_WARN_STRICT_PROTOTYPES = YES;
				CLANG_WARN_SUSPICIOUS_MOVE = YES;
				CLANG_WARN_UNGUARDED_AVAILABILITY = YES_AGGRESSIVE;
				CLANG_WARN_UNREACHABLE_CODE = YES;
				CLANG_WARN__DUPLICATE_METHOD_MATCH = YES;
				CODE_SIGN_IDENTITY = "iPhone Developer";
				COPY_PHASE_STRIP = NO;
				DEBUG_INFORMATION_FORMAT = dwarf;
				ENABLE_STRICT_OBJC_MSGSEND = YES;
				ENABLE_TESTABILITY = YES;
				GCC_C_LANGUAGE_STANDARD = gnu11;
				GCC_DYNAMIC_NO_PIC = NO;
				GCC_NO_COMMON_BLOCKS = YES;
				GCC_OPTIMIZATION_LEVEL = 0;
				GCC_PREPROCESSOR_DEFINITIONS = (
					"DEBUG=1",
					"$(inherited)",
				);
				GCC_WARN_64_TO_32_BIT_CONVERSION = YES;
				GCC_WARN_ABOUT_RETURN_TYPE = YES_ERROR;
				GCC_WARN_UNDECLARED_SELECTOR = YES;
				GCC_WARN_UNINITIALIZED_AUTOS = YES_AGGRESSIVE;
				GCC_WARN_UNUSED_FUNCTION = YES;
				GCC_WARN_UNUSED_VARIABLE = YES;
				IPHONEOS_DEPLOYMENT_TARGET = 11.2;
				MTL_ENABLE_DEBUG_INFO = YES;
				ONLY_ACTIVE_ARCH = YES;
				SDKROOT = iphoneos;
				SWIFT_ACTIVE_COMPILATION_CONDITIONS = DEBUG;
				SWIFT_OPTIMIZATION_LEVEL = "-Onone";
			};
			name = Debug;
		};
		EC607180211B54DF00F69994 /* Release */ = {
			isa = XCBuildConfiguration;
			buildSettings = {
				ALWAYS_SEARCH_USER_PATHS = NO;
				CLANG_ANALYZER_NONNULL = YES;
				CLANG_ANALYZER_NUMBER_OBJECT_CONVERSION = YES_AGGRESSIVE;
				CLANG_CXX_LANGUAGE_STANDARD = "gnu++14";
				CLANG_CXX_LIBRARY = "libc++";
				CLANG_ENABLE_MODULES = YES;
				CLANG_ENABLE_OBJC_ARC = YES;
				CLANG_WARN_BLOCK_CAPTURE_AUTORELEASING = YES;
				CLANG_WARN_BOOL_CONVERSION = YES;
				CLANG_WARN_COMMA = YES;
				CLANG_WARN_CONSTANT_CONVERSION = YES;
				CLANG_WARN_DIRECT_OBJC_ISA_USAGE = YES_ERROR;
				CLANG_WARN_DOCUMENTATION_COMMENTS = YES;
				CLANG_WARN_EMPTY_BODY = YES;
				CLANG_WARN_ENUM_CONVERSION = YES;
				CLANG_WARN_INFINITE_RECURSION = YES;
				CLANG_WARN_INT_CONVERSION = YES;
				CLANG_WARN_NON_LITERAL_NULL_CONVERSION = YES;
				CLANG_WARN_OBJC_LITERAL_CONVERSION = YES;
				CLANG_WARN_OBJC_ROOT_CLASS = YES_ERROR;
				CLANG_WARN_RANGE_LOOP_ANALYSIS = YES;
				CLANG_WARN_STRICT_PROTOTYPES = YES;
				CLANG_WARN_SUSPICIOUS_MOVE = YES;
				CLANG_WARN_UNGUARDED_AVAILABILITY = YES_AGGRESSIVE;
				CLANG_WARN_UNREACHABLE_CODE = YES;
				CLANG_WARN__DUPLICATE_METHOD_MATCH = YES;
				CODE_SIGN_IDENTITY = "iPhone Developer";
				COPY_PHASE_STRIP = NO;
				DEBUG_INFORMATION_FORMAT = "dwarf-with-dsym";
				ENABLE_NS_ASSERTIONS = NO;
				ENABLE_STRICT_OBJC_MSGSEND = YES;
				GCC_C_LANGUAGE_STANDARD = gnu11;
				GCC_NO_COMMON_BLOCKS = YES;
				GCC_WARN_64_TO_32_BIT_CONVERSION = YES;
				GCC_WARN_ABOUT_RETURN_TYPE = YES_ERROR;
				GCC_WARN_UNDECLARED_SELECTOR = YES;
				GCC_WARN_UNINITIALIZED_AUTOS = YES_AGGRESSIVE;
				GCC_WARN_UNUSED_FUNCTION = YES;
				GCC_WARN_UNUSED_VARIABLE = YES;
				IPHONEOS_DEPLOYMENT_TARGET = 11.2;
				MTL_ENABLE_DEBUG_INFO = NO;
				SDKROOT = iphoneos;
				SWIFT_OPTIMIZATION_LEVEL = "-Owholemodule";
				VALIDATE_PRODUCT = YES;
			};
			name = Release;
		};
		EC607182211B54DF00F69994 /* Debug */ = {
			isa = XCBuildConfiguration;
			buildSettings = {
				ASSETCATALOG_COMPILER_APPICON_NAME = AppIcon;
				CODE_SIGN_STYLE = Automatic;
				INFOPLIST_FILE = TipCalculator/Info.plist;
				LD_RUNPATH_SEARCH_PATHS = "$(inherited) @executable_path/Frameworks";
				PRODUCT_BUNDLE_IDENTIFIER = "Yu-Ting-Yang.TipCalculator";
				PRODUCT_NAME = "$(TARGET_NAME)";
				SWIFT_VERSION = 4.0;
				TARGETED_DEVICE_FAMILY = "1,2";
			};
			name = Debug;
		};
		EC607183211B54DF00F69994 /* Release */ = {
			isa = XCBuildConfiguration;
			buildSettings = {
				ASSETCATALOG_COMPILER_APPICON_NAME = AppIcon;
				CODE_SIGN_STYLE = Automatic;
				INFOPLIST_FILE = TipCalculator/Info.plist;
				LD_RUNPATH_SEARCH_PATHS = "$(inherited) @executable_path/Frameworks";
				PRODUCT_BUNDLE_IDENTIFIER = "Yu-Ting-Yang.TipCalculator";
				PRODUCT_NAME = "$(TARGET_NAME)";
				SWIFT_VERSION = 4.0;
				TARGETED_DEVICE_FAMILY = "1,2";
			};
			name = Release;
		};
		EC607185211B54DF00F69994 /* Debug */ = {
			isa = XCBuildConfiguration;
			buildSettings = {
				ALWAYS_EMBED_SWIFT_STANDARD_LIBRARIES = YES;
				BUNDLE_LOADER = "$(TEST_HOST)";
				CODE_SIGN_STYLE = Automatic;
				INFOPLIST_FILE = TipCalculatorTests/Info.plist;
				LD_RUNPATH_SEARCH_PATHS = "$(inherited) @executable_path/Frameworks @loader_path/Frameworks";
				PRODUCT_BUNDLE_IDENTIFIER = "Yu-Ting-Yang.TipCalculatorTests";
				PRODUCT_NAME = "$(TARGET_NAME)";
				SWIFT_VERSION = 4.0;
				TARGETED_DEVICE_FAMILY = "1,2";
				TEST_HOST = "$(BUILT_PRODUCTS_DIR)/TipCalculator.app/TipCalculator";
			};
			name = Debug;
		};
		EC607186211B54DF00F69994 /* Release */ = {
			isa = XCBuildConfiguration;
			buildSettings = {
				ALWAYS_EMBED_SWIFT_STANDARD_LIBRARIES = YES;
				BUNDLE_LOADER = "$(TEST_HOST)";
				CODE_SIGN_STYLE = Automatic;
				INFOPLIST_FILE = TipCalculatorTests/Info.plist;
				LD_RUNPATH_SEARCH_PATHS = "$(inherited) @executable_path/Frameworks @loader_path/Frameworks";
				PRODUCT_BUNDLE_IDENTIFIER = "Yu-Ting-Yang.TipCalculatorTests";
				PRODUCT_NAME = "$(TARGET_NAME)";
				SWIFT_VERSION = 4.0;
				TARGETED_DEVICE_FAMILY = "1,2";
				TEST_HOST = "$(BUILT_PRODUCTS_DIR)/TipCalculator.app/TipCalculator";
			};
			name = Release;
		};
		EC607188211B54DF00F69994 /* Debug */ = {
			isa = XCBuildConfiguration;
			buildSettings = {
				ALWAYS_EMBED_SWIFT_STANDARD_LIBRARIES = YES;
				CODE_SIGN_STYLE = Automatic;
				INFOPLIST_FILE = TipCalculatorUITests/Info.plist;
				LD_RUNPATH_SEARCH_PATHS = "$(inherited) @executable_path/Frameworks @loader_path/Frameworks";
				PRODUCT_BUNDLE_IDENTIFIER = "Yu-Ting-Yang.TipCalculatorUITests";
				PRODUCT_NAME = "$(TARGET_NAME)";
				SWIFT_VERSION = 4.0;
				TARGETED_DEVICE_FAMILY = "1,2";
				TEST_TARGET_NAME = TipCalculator;
			};
			name = Debug;
		};
		EC607189211B54DF00F69994 /* Release */ = {
			isa = XCBuildConfiguration;
			buildSettings = {
				ALWAYS_EMBED_SWIFT_STANDARD_LIBRARIES = YES;
				CODE_SIGN_STYLE = Automatic;
				INFOPLIST_FILE = TipCalculatorUITests/Info.plist;
				LD_RUNPATH_SEARCH_PATHS = "$(inherited) @executable_path/Frameworks @loader_path/Frameworks";
				PRODUCT_BUNDLE_IDENTIFIER = "Yu-Ting-Yang.TipCalculatorUITests";
				PRODUCT_NAME = "$(TARGET_NAME)";
				SWIFT_VERSION = 4.0;
				TARGETED_DEVICE_FAMILY = "1,2";
				TEST_TARGET_NAME = TipCalculator;
			};
			name = Release;
		};
/* End XCBuildConfiguration section */

/* Begin XCConfigurationList section */
		EC607154211B54DE00F69994 /* Build configuration list for PBXProject "TipCalculator" */ = {
			isa = XCConfigurationList;
			buildConfigurations = (
				EC60717F211B54DF00F69994 /* Debug */,
				EC607180211B54DF00F69994 /* Release */,
			);
			defaultConfigurationIsVisible = 0;
			defaultConfigurationName = Release;
		};
		EC607181211B54DF00F69994 /* Build configuration list for PBXNativeTarget "TipCalculator" */ = {
			isa = XCConfigurationList;
			buildConfigurations = (
				EC607182211B54DF00F69994 /* Debug */,
				EC607183211B54DF00F69994 /* Release */,
			);
			defaultConfigurationIsVisible = 0;
			defaultConfigurationName = Release;
		};
		EC607184211B54DF00F69994 /* Build configuration list for PBXNativeTarget "TipCalculatorTests" */ = {
			isa = XCConfigurationList;
			buildConfigurations = (
				EC607185211B54DF00F69994 /* Debug */,
				EC607186211B54DF00F69994 /* Release */,
			);
			defaultConfigurationIsVisible = 0;
			defaultConfigurationName = Release;
		};
		EC607187211B54DF00F69994 /* Build configuration list for PBXNativeTarget "TipCalculatorUITests" */ = {
			isa = XCConfigurationList;
			buildConfigurations = (
				EC607188211B54DF00F69994 /* Debug */,
				EC607189211B54DF00F69994 /* Release */,
			);
			defaultConfigurationIsVisible = 0;
			defaultConfigurationName = Release;
		};
/* End XCConfigurationList section */
	};
	rootObject = EC607151211B54DE00F69994 /* Project object */;
}
